{
  "name": "monorepo-beginners",
  "version": "1.0.0",
  "lockfileVersion": 3,
  "requires": true,
  "packages": {
    "": {
      "name": "monorepo-beginners",
      "version": "1.0.0",
      "license": "ISC",
      "workspaces": {
        "packages": [
          "packages/*"
        ]
      }
    },
    "node_modules/module-a": {
      "resolved": "packages/module-a",
      "link": true
    },
    "node_modules/module-b": {
      "resolved": "packages/module-b",
      "link": true
    },
    "packages/module-a": {
      "version": "1.0.0",
      "license": "MIT"
    },
    "packages/module-b": {
      "version": "1.0.0",
      "license": "MIT"
    }
  }
}
